{
  "version": "5",
  "specifiers": {
    "jsr:@yelix/hono@~0.2.1": "0.2.1",
    "jsr:@yelix/openapi@~0.1.17": "0.1.18",
    "npm:hono@^4.11.3": "4.12.8",
    "npm:hono@^4.9.6": "4.12.8",
    "npm:zod@^4.0.14": "4.3.6"
  },
  "jsr": {
    "@yelix/hono@0.2.1": {
      "integrity": "b6f7cd9d4d7a98c506fd3208ac11e607effe7cd41bbc10bc1ac9e00bcc5153de",
      "dependencies": [
        "jsr:@yelix/openapi",
        "npm:hono@^4.9.6",
        "npm:zod"
      ]
    },
    "@yelix/openapi@0.1.18": {
      "integrity": "340e5dd8d644c37dca61e9ef10676d57609800e8457215f9fd7fcd6a3c81912b"
    }
  },
  "npm": {
    "hono@4.12.8": {
      "integrity": "sha512-VJCEvtrezO1IAR+kqEYnxUOoStaQPGrCmX3j4wDTNOcD1uRPFpGlwQUIW8niPuvHXaTUxeOUl5MMDGrl+tmO9A=="
    },
    "zod@4.3.6": {
      "integrity": "sha512-rftlrkhHZOcjDwkGlnUtZZkvaPHCsDATp4pGpuOOMDaTdDDXF91wuVDJoWoPsKX/3YPQ5fHuF3STjcYyKr+Qhg=="
    }
  },
  "workspace": {
    "dependencies": [
      "jsr:@yelix/hono@~0.2.1",
      "npm:hono@^4.11.3"
    ]
  }
}
